
Microsoft Visual Studio Solution File, Format Version 12.00
# Visual Studio Version 16
VisualStudioVersion = 16.0.30204.135
MinimumVisualStudioVersion = 10.0.40219.1
Project("{FAE04EC0-301F-11D3-BF4B-00C04F79EFBC}") = "CadastroDeEtiquetas", "CadastroDeEtiquetas\CadastroDeEtiquetas.csproj", "{919A805B-7329-49DD-9563-7162CCCB4201}"
EndProject
Global
	GlobalSection(SolutionConfigurationPlatforms) = preSolution
		Debug|Any CPU = Debug|Any CPU
		Release|Any CPU = Release|Any CPU
	EndGlobalSection
	GlobalSection(ProjectConfigurationPlatforms) = postSolution
		{919A805B-7329-49DD-9563-7162CCCB4201}.Debug|Any CPU.ActiveCfg = Debug|Any CPU
		{919A805B-7329-49DD-9563-7162CCCB4201}.Debug|Any CPU.Build.0 = Debug|Any CPU
		{919A805B-7329-49DD-9563-7162CCCB4201}.Release|Any CPU.ActiveCfg = Release|Any CPU
		{919A805B-7329-49DD-9563-7162CCCB4201}.Release|Any CPU.Build.0 = Release|Any CPU
	EndGlobalSection
	GlobalSection(SolutionProperties) = preSolution
		HideSolutionNode = FALSE
	EndGlobalSection
	GlobalSection(ExtensibilityGlobals) = postSolution
		SolutionGuid = {F8C7C0EC-0689-41E1-9700-BAF54FB0949D}
	EndGlobalSection
EndGlobal
